{
  "name": "typescript-app",
  "version": "1.0.0",
  "lockfileVersion": 3,
  "requires": true,
  "packages": {
    "": {
      "name": "typescript-app",
      "version": "1.0.0",
      "license": "ISC",
      "dependencies": {
        "@grafana/grafana-foundation-sdk": "^11.6.0-cogv0.0.x.1753977659"
      },
      "devDependencies": {
        "@types/node": "^24.4.0",
        "typescript": "^5.9.2"
      }
    },
    "node_modules/@grafana/grafana-foundation-sdk": {
      "version": "11.6.0-cogv0.0.x.1753977659",
      "resolved": "https://registry.npmjs.org/@grafana/grafana-foundation-sdk/-/grafana-foundation-sdk-11.6.0-cogv0.0.x.1753977659.tgz",
      "integrity": "sha512-RZFJWcq/sYRSS+9PnXsDbrpzSHcp2aH/0c5MlRSaAyWkU9eILQP7s83sOYfC8O84Zhco2UUjB72c96YV6X132g==",
      "license": "Apache-2.0",
      "dependencies": {
        "tslib": "^2.6.2"
      }
    },
    "node_modules/@types/node": {
      "version": "24.4.0",
      "resolved": "https://registry.npmjs.org/@types/node/-/node-24.4.0.tgz",
      "integrity": "sha512-gUuVEAK4/u6F9wRLznPUU4WGUacSEBDPoC2TrBkw3GAnOLHBL45QdfHOXp1kJ4ypBGLxTOB+t7NJLpKoC3gznQ==",
      "dev": true,
      "license": "MIT",
      "dependencies": {
        "undici-types": "~7.11.0"
      }
    },
    "node_modules/tslib": {
      "version": "2.8.1",
      "resolved": "https://registry.npmjs.org/tslib/-/tslib-2.8.1.tgz",
      "integrity": "sha512-oJFu94HQb+KVduSUQL7wnpmqnfmLsOA/nAh6b6EH0wCEoK0/mPeXU6c3wKDV83MkOuHPRHtSXKKU99IBazS/2w==",
      "license": "0BSD"
    },
    "node_modules/typescript": {
      "version": "5.9.2",
      "resolved": "https://registry.npmjs.org/typescript/-/typescript-5.9.2.tgz",
      "integrity": "sha512-CWBzXQrc/qOkhidw1OzBTQuYRbfyxDXJMVJ1XNwUHGROVmuaeiEm3OslpZ1RV96d7SKKjZKrSJu3+t/xlw3R9A==",
      "dev": true,
      "license": "Apache-2.0",
      "bin": {
        "tsc": "bin/tsc",
        "tsserver": "bin/tsserver"
      },
      "engines": {
        "node": ">=14.17"
      }
    },
    "node_modules/undici-types": {
      "version": "7.11.0",
      "resolved": "https://registry.npmjs.org/undici-types/-/undici-types-7.11.0.tgz",
      "integrity": "sha512-kt1ZriHTi7MU+Z/r9DOdAI3ONdaR3M3csEaRc6ewa4f4dTvX4cQCbJ4NkEn0ohE4hHtq85+PhPSTY+pO/1PwgA==",
      "dev": true,
      "license": "MIT"
    }
  }
}
